
Microsoft Visual Studio Solution File, Format Version 12.00
# Visual Studio Version 17
VisualStudioVersion = 17.9.34723.18
MinimumVisualStudioVersion = 10.0.40219.1
Project("{FAE04EC0-301F-11D3-BF4B-00C04F79EFBC}") = "EncantoPaisa", "EncantoPaisa\EncantoPaisa.csproj", "{DD521209-4270-4254-879B-32B95DF40FDA}"
EndProject
Global
	GlobalSection(SolutionConfigurationPlatforms) = preSolution
		Debug|Any CPU = Debug|Any CPU
		Release|Any CPU = Release|Any CPU
	EndGlobalSection
	GlobalSection(ProjectConfigurationPlatforms) = postSolution
		{DD521209-4270-4254-879B-32B95DF40FDA}.Debug|Any CPU.ActiveCfg = Debug|Any CPU
		{DD521209-4270-4254-879B-32B95DF40FDA}.Debug|Any CPU.Build.0 = Debug|Any CPU
		{DD521209-4270-4254-879B-32B95DF40FDA}.Release|Any CPU.ActiveCfg = Release|Any CPU
		{DD521209-4270-4254-879B-32B95DF40FDA}.Release|Any CPU.Build.0 = Release|Any CPU
	EndGlobalSection
	GlobalSection(SolutionProperties) = preSolution
		HideSolutionNode = FALSE
	EndGlobalSection
	GlobalSection(ExtensibilityGlobals) = postSolution
		SolutionGuid = {BBECDA00-5A6B-4B57-8A66-A106FF806054}
	EndGlobalSection
EndGlobal
